
Microsoft Visual Studio Solution File, Format Version 12.00
# Visual Studio Version 16
VisualStudioVersion = 16.0.31205.134
MinimumVisualStudioVersion = 10.0.40219.1
Project("{8BC9CEB8-8B4A-11D0-8D11-00A0C91BC942}") = "6-7", "6-7\6-7.vcxproj", "{C8F1F532-6D3B-40F4-BA90-796226D5C1DE}"
EndProject
Global
	GlobalSection(SolutionConfigurationPlatforms) = preSolution
		Debug|x64 = Debug|x64
		Debug|x86 = Debug|x86
		Release|x64 = Release|x64
		Release|x86 = Release|x86
	EndGlobalSection
	GlobalSection(ProjectConfigurationPlatforms) = postSolution
		{C8F1F532-6D3B-40F4-BA90-796226D5C1DE}.Debug|x64.ActiveCfg = Debug|x64
		{C8F1F532-6D3B-40F4-BA90-796226D5C1DE}.Debug|x64.Build.0 = Debug|x64
		{C8F1F532-6D3B-40F4-BA90-796226D5C1DE}.Debug|x86.ActiveCfg = Debug|Win32
		{C8F1F532-6D3B-40F4-BA90-796226D5C1DE}.Debug|x86.Build.0 = Debug|Win32
		{C8F1F532-6D3B-40F4-BA90-796226D5C1DE}.Release|x64.ActiveCfg = Release|x64
		{C8F1F532-6D3B-40F4-BA90-796226D5C1DE}.Release|x64.Build.0 = Release|x64
		{C8F1F532-6D3B-40F4-BA90-796226D5C1DE}.Release|x86.ActiveCfg = Release|Win32
		{C8F1F532-6D3B-40F4-BA90-796226D5C1DE}.Release|x86.Build.0 = Release|Win32
	EndGlobalSection
	GlobalSection(SolutionProperties) = preSolution
		HideSolutionNode = FALSE
	EndGlobalSection
	GlobalSection(ExtensibilityGlobals) = postSolution
		SolutionGuid = {AC9D779F-7E32-4E5F-9D26-47B0F1C922C9}
	EndGlobalSection
EndGlobal
